
Microsoft Visual Studio Solution File, Format Version 12.00
# Visual Studio Version 17
VisualStudioVersion = 17.9.34714.143
MinimumVisualStudioVersion = 10.0.40219.1
Project("{9A19103F-16F7-4668-BE54-9A1E7A4F7556}") = "API", "API\API.csproj", "{B328B3BB-4811-4658-A6FD-45FCCEFC775B}"
EndProject
Project("{FAE04EC0-301F-11D3-BF4B-00C04F79EFBC}") = "MVC", "MVC\MVC.csproj", "{248D878E-6044-4EAB-9DB7-4271E424B4DD}"
EndProject
Global
	GlobalSection(SolutionConfigurationPlatforms) = preSolution
		Debug|Any CPU = Debug|Any CPU
		Release|Any CPU = Release|Any CPU
	EndGlobalSection
	GlobalSection(ProjectConfigurationPlatforms) = postSolution
		{B328B3BB-4811-4658-A6FD-45FCCEFC775B}.Debug|Any CPU.ActiveCfg = Debug|Any CPU
		{B328B3BB-4811-4658-A6FD-45FCCEFC775B}.Debug|Any CPU.Build.0 = Debug|Any CPU
		{B328B3BB-4811-4658-A6FD-45FCCEFC775B}.Release|Any CPU.ActiveCfg = Release|Any CPU
		{B328B3BB-4811-4658-A6FD-45FCCEFC775B}.Release|Any CPU.Build.0 = Release|Any CPU
		{248D878E-6044-4EAB-9DB7-4271E424B4DD}.Debug|Any CPU.ActiveCfg = Debug|Any CPU
		{248D878E-6044-4EAB-9DB7-4271E424B4DD}.Debug|Any CPU.Build.0 = Debug|Any CPU
		{248D878E-6044-4EAB-9DB7-4271E424B4DD}.Release|Any CPU.ActiveCfg = Release|Any CPU
		{248D878E-6044-4EAB-9DB7-4271E424B4DD}.Release|Any CPU.Build.0 = Release|Any CPU
	EndGlobalSection
	GlobalSection(SolutionProperties) = preSolution
		HideSolutionNode = FALSE
	EndGlobalSection
	GlobalSection(ExtensibilityGlobals) = postSolution
		SolutionGuid = {558425AC-F9C9-4850-8C7C-E0F892A2E447}
	EndGlobalSection
EndGlobal
